// !$*UTF8*$!
{
	archiveVersion = 1;
	classes = {
	};
	objectVersion = 77;
	objects = {

/* Begin PBXBuildFile section */
		022876B8E09B8170B36661D4 /* Pods_CocoaPodsTest.framework in Frameworks */ = {isa = PBXBuildFile; fileRef = 50FD99D7A7A290E49E8FB025 /* Pods_CocoaPodsTest.framework */; };
		051E1F96B8B1488BD719A72D /* Pods_CocoaPodsTest_CocoaPodsTestUITests.framework in Frameworks */ = {isa = PBXBuildFile; fileRef = 418BDE4276B49F183DEB9E8D /* Pods_CocoaPodsTest_CocoaPodsTestUITests.framework */; };
		B50DB1BB7BE2C0BC0322E21C /* Pods_CocoaPodsTestTests.framework in Frameworks */ = {isa = PBXBuildFile; fileRef = F36AA45E97245AF3776BF6D9 /* Pods_CocoaPodsTestTests.framework */; };
/* End PBXBuildFile section */

/* Begin PBXContainerItemProxy section */
		AF92A9A62DC475BF00BCB1F7 /* PBXContainerItemProxy */ = {
			isa = PBXContainerItemProxy;
			containerPortal = AF92A98D2DC475BE00BCB1F7 /* Project object */;
			proxyType = 1;
			remoteGlobalIDString = AF92A9942DC475BE00BCB1F7;
			remoteInfo = CocoaPodsTest;
		};
		AF92A9B02DC475BF00BCB1F7 /* PBXContainerItemProxy */ = {
			isa = PBXContainerItemProxy;
			containerPortal = AF92A98D2DC475BE00BCB1F7 /* Project object */;
			proxyType = 1;
			remoteGlobalIDString = AF92A9942DC475BE00BCB1F7;
			remoteInfo = CocoaPodsTest;
		};
/* End PBXContainerItemProxy section */

/* Begin PBXFileReference section */
		03E44E898D1CD640911520E2 /* Pods-CocoaPodsTest.release.xcconfig */ = {isa = PBXFileReference; includeInIndex = 1; lastKnownFileType = text.xcconfig; name = "Pods-CocoaPodsTest.release.xcconfig"; path = "Target Support Files/Pods-CocoaPodsTest/Pods-CocoaPodsTest.release.xcconfig"; sourceTree = "<group>"; };
		2CE72378C9BC7FBFAF81278B /* Pods-CocoaPodsTestTests.debug.xcconfig */ = {isa = PBXFileReference; includeInIndex = 1; lastKnownFileType = text.xcconfig; name = "Pods-CocoaPodsTestTests.debug.xcconfig"; path = "Target Support Files/Pods-CocoaPodsTestTests/Pods-CocoaPodsTestTests.debug.xcconfig"; sourceTree = "<group>"; };
		418BDE4276B49F183DEB9E8D /* Pods_CocoaPodsTest_CocoaPodsTestUITests.framework */ = {isa = PBXFileReference; explicitFileType = wrapper.framework; includeInIndex = 0; path = Pods_CocoaPodsTest_CocoaPodsTestUITests.framework; sourceTree = BUILT_PRODUCTS_DIR; };
		50FD99D7A7A290E49E8FB025 /* Pods_CocoaPodsTest.framework */ = {isa = PBXFileReference; explicitFileType = wrapper.framework; includeInIndex = 0; path = Pods_CocoaPodsTest.framework; sourceTree = BUILT_PRODUCTS_DIR; };
		87F800549558F0C08C1B59A9 /* Pods-CocoaPodsTest.debug.xcconfig */ = {isa = PBXFileReference; includeInIndex = 1; lastKnownFileType = text.xcconfig; name = "Pods-CocoaPodsTest.debug.xcconfig"; path = "Target Support Files/Pods-CocoaPodsTest/Pods-CocoaPodsTest.debug.xcconfig"; sourceTree = "<group>"; };
		AF92A9952DC475BE00BCB1F7 /* CocoaPodsTest.app */ = {isa = PBXFileReference; explicitFileType = wrapper.application; includeInIndex = 0; path = CocoaPodsTest.app; sourceTree = BUILT_PRODUCTS_DIR; };
		AF92A9A52DC475BF00BCB1F7 /* CocoaPodsTestTests.xctest */ = {isa = PBXFileReference; explicitFileType = wrapper.cfbundle; includeInIndex = 0; path = CocoaPodsTestTests.xctest; sourceTree = BUILT_PRODUCTS_DIR; };
		AF92A9AF2DC475BF00BCB1F7 /* CocoaPodsTestUITests.xctest */ = {isa = PBXFileReference; explicitFileType = wrapper.cfbundle; includeInIndex = 0; path = CocoaPodsTestUITests.xctest; sourceTree = BUILT_PRODUCTS_DIR; };
		D44A7EB4018548298CA9954D /* Pods-CocoaPodsTest-CocoaPodsTestUITests.debug.xcconfig */ = {isa = PBXFileReference; includeInIndex = 1; lastKnownFileType = text.xcconfig; name = "Pods-CocoaPodsTest-CocoaPodsTestUITests.debug.xcconfig"; path = "Target Support Files/Pods-CocoaPodsTest-CocoaPodsTestUITests/Pods-CocoaPodsTest-CocoaPodsTestUITests.debug.xcconfig"; sourceTree = "<group>"; };
		D731FC4EAF95C603B6613DF0 /* Pods-CocoaPodsTest-CocoaPodsTestUITests.release.xcconfig */ = {isa = PBXFileReference; includeInIndex = 1; lastKnownFileType = text.xcconfig; name = "Pods-CocoaPodsTest-CocoaPodsTestUITests.release.xcconfig"; path = "Target Support Files/Pods-CocoaPodsTest-CocoaPodsTestUITests/Pods-CocoaPodsTest-CocoaPodsTestUITests.release.xcconfig"; sourceTree = "<group>"; };
		F36AA45E97245AF3776BF6D9 /* Pods_CocoaPodsTestTests.framework */ = {isa = PBXFileReference; explicitFileType = wrapper.framework; includeInIndex = 0; path = Pods_CocoaPodsTestTests.framework; sourceTree = BUILT_PRODUCTS_DIR; };
		FE48C17F2C39AA438F34BEE9 /* Pods-CocoaPodsTestTests.release.xcconfig */ = {isa = PBXFileReference; includeInIndex = 1; lastKnownFileType = text.xcconfig; name = "Pods-CocoaPodsTestTests.release.xcconfig"; path = "Target Support Files/Pods-CocoaPodsTestTests/Pods-CocoaPodsTestTests.release.xcconfig"; sourceTree = "<group>"; };
/* End PBXFileReference section */

/* Begin PBXFileSystemSynchronizedRootGroup section */
		AF92A9972DC475BE00BCB1F7 /* CocoaPodsTest */ = {
			isa = PBXFileSystemSynchronizedRootGroup;
			path = CocoaPodsTest;
			sourceTree = "<group>";
		};
		AF92A9A82DC475BF00BCB1F7 /* CocoaPodsTestTests */ = {
			isa = PBXFileSystemSynchronizedRootGroup;
			path = CocoaPodsTestTests;
			sourceTree = "<group>";
		};
		AF92A9B22DC475BF00BCB1F7 /* CocoaPodsTestUITests */ = {
			isa = PBXFileSystemSynchronizedRootGroup;
			path = CocoaPodsTestUITests;
			sourceTree = "<group>";
		};
/* End PBXFileSystemSynchronizedRootGroup section */

/* Begin PBXFrameworksBuildPhase section */
		AF92A9922DC475BE00BCB1F7 /* Frameworks */ = {
			isa = PBXFrameworksBuildPhase;
			buildActionMask = 2147483647;
			files = (
				022876B8E09B8170B36661D4 /* Pods_CocoaPodsTest.framework in Frameworks */,
			);
			runOnlyForDeploymentPostprocessing = 0;
		};
		AF92A9A22DC475BF00BCB1F7 /* Frameworks */ = {
			isa = PBXFrameworksBuildPhase;
			buildActionMask = 2147483647;
			files = (
				B50DB1BB7BE2C0BC0322E21C /* Pods_CocoaPodsTestTests.framework in Frameworks */,
			);
			runOnlyForDeploymentPostprocessing = 0;
		};
		AF92A9AC2DC475BF00BCB1F7 /* Frameworks */ = {
			isa = PBXFrameworksBuildPhase;
			buildActionMask = 2147483647;
			files = (
				051E1F96B8B1488BD719A72D /* Pods_CocoaPodsTest_CocoaPodsTestUITests.framework in Frameworks */,
			);
			runOnlyForDeploymentPostprocessing = 0;
		};
/* End PBXFrameworksBuildPhase section */

/* Begin PBXGroup section */
		63C32A5A1BA843E6607B6539 /* Pods */ = {
			isa = PBXGroup;
			children = (
				87F800549558F0C08C1B59A9 /* Pods-CocoaPodsTest.debug.xcconfig */,
				03E44E898D1CD640911520E2 /* Pods-CocoaPodsTest.release.xcconfig */,
				D44A7EB4018548298CA9954D /* Pods-CocoaPodsTest-CocoaPodsTestUITests.debug.xcconfig */,
				D731FC4EAF95C603B6613DF0 /* Pods-CocoaPodsTest-CocoaPodsTestUITests.release.xcconfig */,
				2CE72378C9BC7FBFAF81278B /* Pods-CocoaPodsTestTests.debug.xcconfig */,
				FE48C17F2C39AA438F34BEE9 /* Pods-CocoaPodsTestTests.release.xcconfig */,
			);
			path = Pods;
			sourceTree = "<group>";
		};
		AF92A98C2DC475BE00BCB1F7 = {
			isa = PBXGroup;
			children = (
				AF92A9972DC475BE00BCB1F7 /* CocoaPodsTest */,
				AF92A9A82DC475BF00BCB1F7 /* CocoaPodsTestTests */,
				AF92A9B22DC475BF00BCB1F7 /* CocoaPodsTestUITests */,
				AF92A9962DC475BE00BCB1F7 /* Products */,
				63C32A5A1BA843E6607B6539 /* Pods */,
				EAD217806EB568168EDD8BD2 /* Frameworks */,
			);
			sourceTree = "<group>";
		};
		AF92A9962DC475BE00BCB1F7 /* Products */ = {
			isa = PBXGroup;
			children = (
				AF92A9952DC475BE00BCB1F7 /* CocoaPodsTest.app */,
				AF92A9A52DC475BF00BCB1F7 /* CocoaPodsTestTests.xctest */,
				AF92A9AF2DC475BF00BCB1F7 /* CocoaPodsTestUITests.xctest */,
			);
			name = Products;
			sourceTree = "<group>";
		};
		EAD217806EB568168EDD8BD2 /* Frameworks */ = {
			isa = PBXGroup;
			children = (
				50FD99D7A7A290E49E8FB025 /* Pods_CocoaPodsTest.framework */,
				418BDE4276B49F183DEB9E8D /* Pods_CocoaPodsTest_CocoaPodsTestUITests.framework */,
				F36AA45E97245AF3776BF6D9 /* Pods_CocoaPodsTestTests.framework */,
			);
			name = Frameworks;
			sourceTree = "<group>";
		};
/* End PBXGroup section */

/* Begin PBXNativeTarget section */
		AF92A9942DC475BE00BCB1F7 /* CocoaPodsTest */ = {
			isa = PBXNativeTarget;
			buildConfigurationList = AF92A9B92DC475BF00BCB1F7 /* Build configuration list for PBXNativeTarget "CocoaPodsTest" */;
			buildPhases = (
				2BA05CB7995C79E329DD3118 /* [CP] Check Pods Manifest.lock */,
				AF92A9912DC475BE00BCB1F7 /* Sources */,
				AF92A9922DC475BE00BCB1F7 /* Frameworks */,
				AF92A9932DC475BE00BCB1F7 /* Resources */,
				8CA36494209EC5AC2911EE84 /* [CP] Embed Pods Frameworks */,
			);
			buildRules = (
			);
			dependencies = (
			);
			fileSystemSynchronizedGroups = (
				AF92A9972DC475BE00BCB1F7 /* CocoaPodsTest */,
			);
			name = CocoaPodsTest;
			productName = CocoaPodsTest;
			productReference = AF92A9952DC475BE00BCB1F7 /* CocoaPodsTest.app */;
			productType = "com.apple.product-type.application";
		};
		AF92A9A42DC475BF00BCB1F7 /* CocoaPodsTestTests */ = {
			isa = PBXNativeTarget;
			buildConfigurationList = AF92A9BC2DC475BF00BCB1F7 /* Build configuration list for PBXNativeTarget "CocoaPodsTestTests" */;
			buildPhases = (
				654BE4094A81ED6F3C101D42 /* [CP] Check Pods Manifest.lock */,
				AF92A9A12DC475BF00BCB1F7 /* Sources */,
				AF92A9A22DC475BF00BCB1F7 /* Frameworks */,
				AF92A9A32DC475BF00BCB1F7 /* Resources */,
			);
			buildRules = (
			);
			dependencies = (
				AF92A9A72DC475BF00BCB1F7 /* PBXTargetDependency */,
			);
			fileSystemSynchronizedGroups = (
				AF92A9A82DC475BF00BCB1F7 /* CocoaPodsTestTests */,
			);
			name = CocoaPodsTestTests;
			productName = CocoaPodsTestTests;
			productReference = AF92A9A52DC475BF00BCB1F7 /* CocoaPodsTestTests.xctest */;
			productType = "com.apple.product-type.bundle.unit-test";
		};
		AF92A9AE2DC475BF00BCB1F7 /* CocoaPodsTestUITests */ = {
			isa = PBXNativeTarget;
			buildConfigurationList = AF92A9BF2DC475BF00BCB1F7 /* Build configuration list for PBXNativeTarget "CocoaPodsTestUITests" */;
			buildPhases = (
				7738E1A74C8545CD4A0EA922 /* [CP] Check Pods Manifest.lock */,
				AF92A9AB2DC475BF00BCB1F7 /* Sources */,
				AF92A9AC2DC475BF00BCB1F7 /* Frameworks */,
				AF92A9AD2DC475BF00BCB1F7 /* Resources */,
				5CB0639C95020F70028DF55A /* [CP] Embed Pods Frameworks */,
			);
			buildRules = (
			);
			dependencies = (
				AF92A9B12DC475BF00BCB1F7 /* PBXTargetDependency */,
			);
			fileSystemSynchronizedGroups = (
				AF92A9B22DC475BF00BCB1F7 /* CocoaPodsTestUITests */,
			);
			name = CocoaPodsTestUITests;
			productName = CocoaPodsTestUITests;
			productReference = AF92A9AF2DC475BF00BCB1F7 /* CocoaPodsTestUITests.xctest */;
			productType = "com.apple.product-type.bundle.ui-testing";
		};
/* End PBXNativeTarget section */

/* Begin PBXProject section */
		AF92A98D2DC475BE00BCB1F7 /* Project object */ = {
			isa = PBXProject;
			attributes = {
				BuildIndependentTargetsInParallel = 1;
				LastSwiftUpdateCheck = 1620;
				LastUpgradeCheck = 1620;
				TargetAttributes = {
					AF92A9942DC475BE00BCB1F7 = {
						CreatedOnToolsVersion = 16.2;
					};
					AF92A9A42DC475BF00BCB1F7 = {
						CreatedOnToolsVersion = 16.2;
						TestTargetID = AF92A9942DC475BE00BCB1F7;
					};
					AF92A9AE2DC475BF00BCB1F7 = {
						CreatedOnToolsVersion = 16.2;
						TestTargetID = AF92A9942DC475BE00BCB1F7;
					};
				};
			};
			buildConfigurationList = AF92A9902DC475BE00BCB1F7 /* Build configuration list for PBXProject "CocoaPodsTest" */;
			developmentRegion = en;
			hasScannedForEncodings = 0;
			knownRegions = (
				en,
				Base,
			);
			mainGroup = AF92A98C2DC475BE00BCB1F7;
			minimizedProjectReferenceProxies = 1;
			preferredProjectObjectVersion = 77;
			productRefGroup = AF92A9962DC475BE00BCB1F7 /* Products */;
			projectDirPath = "";
			projectRoot = "";
			targets = (
				AF92A9942DC475BE00BCB1F7 /* CocoaPodsTest */,
				AF92A9A42DC475BF00BCB1F7 /* CocoaPodsTestTests */,
				AF92A9AE2DC475BF00BCB1F7 /* CocoaPodsTestUITests */,
			);
		};
/* End PBXProject section */

/* Begin PBXResourcesBuildPhase section */
		AF92A9932DC475BE00BCB1F7 /* Resources */ = {
			isa = PBXResourcesBuildPhase;
			buildActionMask = 2147483647;
			files = (
			);
			runOnlyForDeploymentPostprocessing = 0;
		};
		AF92A9A32DC475BF00BCB1F7 /* Resources */ = {
			isa = PBXResourcesBuildPhase;
			buildActionMask = 2147483647;
			files = (
			);
			runOnlyForDeploymentPostprocessing = 0;
		};
		AF92A9AD2DC475BF00BCB1F7 /* Resources */ = {
			isa = PBXResourcesBuildPhase;
			buildActionMask = 2147483647;
			files = (
			);
			runOnlyForDeploymentPostprocessing = 0;
		};
/* End PBXResourcesBuildPhase section */

/* Begin PBXShellScriptBuildPhase section */
		2BA05CB7995C79E329DD3118 /* [CP] Check Pods Manifest.lock */ = {
			isa = PBXShellScriptBuildPhase;
			buildActionMask = 2147483647;
			files = (
			);
			inputFileListPaths = (
			);
			inputPaths = (
				"${PODS_PODFILE_DIR_PATH}/Podfile.lock",
				"${PODS_ROOT}/Manifest.lock",
			);
			name = "[CP] Check Pods Manifest.lock";
			outputFileListPaths = (
			);
			outputPaths = (
				"$(DERIVED_FILE_DIR)/Pods-CocoaPodsTest-checkManifestLockResult.txt",
			);
			runOnlyForDeploymentPostprocessing = 0;
			shellPath = /bin/sh;
			shellScript = "diff \"${PODS_PODFILE_DIR_PATH}/Podfile.lock\" \"${PODS_ROOT}/Manifest.lock\" > /dev/null\nif [ $? != 0 ] ; then\n    # print error to STDERR\n    echo \"error: The sandbox is not in sync with the Podfile.lock. Run 'pod install' or update your CocoaPods installation.\" >&2\n    exit 1\nfi\n# This output is used by Xcode 'outputs' to avoid re-running this script phase.\necho \"SUCCESS\" > \"${SCRIPT_OUTPUT_FILE_0}\"\n";
			showEnvVarsInLog = 0;
		};
		5CB0639C95020F70028DF55A /* [CP] Embed Pods Frameworks */ = {
			isa = PBXShellScriptBuildPhase;
			buildActionMask = 2147483647;
			files = (
			);
			inputFileListPaths = (
				"${PODS_ROOT}/Target Support Files/Pods-CocoaPodsTest-CocoaPodsTestUITests/Pods-CocoaPodsTest-CocoaPodsTestUITests-frameworks-${CONFIGURATION}-input-files.xcfilelist",
			);
			name = "[CP] Embed Pods Frameworks";
			outputFileListPaths = (
				"${PODS_ROOT}/Target Support Files/Pods-CocoaPodsTest-CocoaPodsTestUITests/Pods-CocoaPodsTest-CocoaPodsTestUITests-frameworks-${CONFIGURATION}-output-files.xcfilelist",
			);
			runOnlyForDeploymentPostprocessing = 0;
			shellPath = /bin/sh;
			shellScript = "\"${PODS_ROOT}/Target Support Files/Pods-CocoaPodsTest-CocoaPodsTestUITests/Pods-CocoaPodsTest-CocoaPodsTestUITests-frameworks.sh\"\n";
			showEnvVarsInLog = 0;
		};
		654BE4094A81ED6F3C101D42 /* [CP] Check Pods Manifest.lock */ = {
			isa = PBXShellScriptBuildPhase;
			buildActionMask = 2147483647;
			files = (
			);
			inputFileListPaths = (
			);
			inputPaths = (
				"${PODS_PODFILE_DIR_PATH}/Podfile.lock",
				"${PODS_ROOT}/Manifest.lock",
			);
			name = "[CP] Check Pods Manifest.lock";
			outputFileListPaths = (
			);
			outputPaths = (
				"$(DERIVED_FILE_DIR)/Pods-CocoaPodsTestTests-checkManifestLockResult.txt",
			);
			runOnlyForDeploymentPostprocessing = 0;
			shellPath = /bin/sh;
			shellScript = "diff \"${PODS_PODFILE_DIR_PATH}/Podfile.lock\" \"${PODS_ROOT}/Manifest.lock\" > /dev/null\nif [ $? != 0 ] ; then\n    # print error to STDERR\n    echo \"error: The sandbox is not in sync with the Podfile.lock. Run 'pod install' or update your CocoaPods installation.\" >&2\n    exit 1\nfi\n# This output is used by Xcode 'outputs' to avoid re-running this script phase.\necho \"SUCCESS\" > \"${SCRIPT_OUTPUT_FILE_0}\"\n";
			showEnvVarsInLog = 0;
		};
		7738E1A74C8545CD4A0EA922 /* [CP] Check Pods Manifest.lock */ = {
			isa = PBXShellScriptBuildPhase;
			buildActionMask = 2147483647;
			files = (
			);
			inputFileListPaths = (
			);
			inputPaths = (
				"${PODS_PODFILE_DIR_PATH}/Podfile.lock",
				"${PODS_ROOT}/Manifest.lock",
			);
			name = "[CP] Check Pods Manifest.lock";
			outputFileListPaths = (
			);
			outputPaths = (
				"$(DERIVED_FILE_DIR)/Pods-CocoaPodsTest-CocoaPodsTestUITests-checkManifestLockResult.txt",
			);
			runOnlyForDeploymentPostprocessing = 0;
			shellPath = /bin/sh;
			shellScript = "diff \"${PODS_PODFILE_DIR_PATH}/Podfile.lock\" \"${PODS_ROOT}/Manifest.lock\" > /dev/null\nif [ $? != 0 ] ; then\n    # print error to STDERR\n    echo \"error: The sandbox is not in sync with the Podfile.lock. Run 'pod install' or update your CocoaPods installation.\" >&2\n    exit 1\nfi\n# This output is used by Xcode 'outputs' to avoid re-running this script phase.\necho \"SUCCESS\" > \"${SCRIPT_OUTPUT_FILE_0}\"\n";
			showEnvVarsInLog = 0;
		};
		8CA36494209EC5AC2911EE84 /* [CP] Embed Pods Frameworks */ = {
			isa = PBXShellScriptBuildPhase;
			buildActionMask = 2147483647;
			files = (
			);
			inputFileListPaths = (
				"${PODS_ROOT}/Target Support Files/Pods-CocoaPodsTest/Pods-CocoaPodsTest-frameworks-${CONFIGURATION}-input-files.xcfilelist",
			);
			name = "[CP] Embed Pods Frameworks";
			outputFileListPaths = (
				"${PODS_ROOT}/Target Support Files/Pods-CocoaPodsTest/Pods-CocoaPodsTest-frameworks-${CONFIGURATION}-output-files.xcfilelist",
			);
			runOnlyForDeploymentPostprocessing = 0;
			shellPath = /bin/sh;
			shellScript = "\"${PODS_ROOT}/Target Support Files/Pods-CocoaPodsTest/Pods-CocoaPodsTest-frameworks.sh\"\n";
			showEnvVarsInLog = 0;
		};
/* End PBXShellScriptBuildPhase section */

/* Begin PBXSourcesBuildPhase section */
		AF92A9912DC475BE00BCB1F7 /* Sources */ = {
			isa = PBXSourcesBuildPhase;
			buildActionMask = 2147483647;
			files = (
			);
			runOnlyForDeploymentPostprocessing = 0;
		};
		AF92A9A12DC475BF00BCB1F7 /* Sources */ = {
			isa = PBXSourcesBuildPhase;
			buildActionMask = 2147483647;
			files = (
			);
			runOnlyForDeploymentPostprocessing = 0;
		};
		AF92A9AB2DC475BF00BCB1F7 /* Sources */ = {
			isa = PBXSourcesBuildPhase;
			buildActionMask = 2147483647;
			files = (
			);
			runOnlyForDeploymentPostprocessing = 0;
		};
/* End PBXSourcesBuildPhase section */

/* Begin PBXTargetDependency section */
		AF92A9A72DC475BF00BCB1F7 /* PBXTargetDependency */ = {
			isa = PBXTargetDependency;
			target = AF92A9942DC475BE00BCB1F7 /* CocoaPodsTest */;
			targetProxy = AF92A9A62DC475BF00BCB1F7 /* PBXContainerItemProxy */;
		};
		AF92A9B12DC475BF00BCB1F7 /* PBXTargetDependency */ = {
			isa = PBXTargetDependency;
			target = AF92A9942DC475BE00BCB1F7 /* CocoaPodsTest */;
			targetProxy = AF92A9B02DC475BF00BCB1F7 /* PBXContainerItemProxy */;
		};
/* End PBXTargetDependency section */

/* Begin XCBuildConfiguration section */
		AF92A9B72DC475BF00BCB1F7 /* Debug */ = {
			isa = XCBuildConfiguration;
			buildSettings = {
				ALWAYS_SEARCH_USER_PATHS = NO;
				ASSETCATALOG_COMPILER_GENERATE_SWIFT_ASSET_SYMBOL_EXTENSIONS = YES;
				CLANG_ANALYZER_NONNULL = YES;
				CLANG_ANALYZER_NUMBER_OBJECT_CONVERSION = YES_AGGRESSIVE;
				CLANG_CXX_LANGUAGE_STANDARD = "gnu++20";
				CLANG_ENABLE_MODULES = YES;
				CLANG_ENABLE_OBJC_ARC = YES;
				CLANG_ENABLE_OBJC_WEAK = YES;
				CLANG_WARN_BLOCK_CAPTURE_AUTORELEASING = YES;
				CLANG_WARN_BOOL_CONVERSION = YES;
				CLANG_WARN_COMMA = YES;
				CLANG_WARN_CONSTANT_CONVERSION = YES;
				CLANG_WARN_DEPRECATED_OBJC_IMPLEMENTATIONS = YES;
				CLANG_WARN_DIRECT_OBJC_ISA_USAGE = YES_ERROR;
				CLANG_WARN_DOCUMENTATION_COMMENTS = YES;
				CLANG_WARN_EMPTY_BODY = YES;
				CLANG_WARN_ENUM_CONVERSION = YES;
				CLANG_WARN_INFINITE_RECURSION = YES;
				CLANG_WARN_INT_CONVERSION = YES;
				CLANG_WARN_NON_LITERAL_NULL_CONVERSION = YES;
				CLANG_WARN_OBJC_IMPLICIT_RETAIN_SELF = YES;
				CLANG_WARN_OBJC_LITERAL_CONVERSION = YES;
				CLANG_WARN_OBJC_ROOT_CLASS = YES_ERROR;
				CLANG_WARN_QUOTED_INCLUDE_IN_FRAMEWORK_HEADER = YES;
				CLANG_WARN_RANGE_LOOP_ANALYSIS = YES;
				CLANG_WARN_STRICT_PROTOTYPES = YES;
				CLANG_WARN_SUSPICIOUS_MOVE = YES;
				CLANG_WARN_UNGUARDED_AVAILABILITY = YES_AGGRESSIVE;
				CLANG_WARN_UNREACHABLE_CODE = YES;
				CLANG_WARN__DUPLICATE_METHOD_MATCH = YES;
				COPY_PHASE_STRIP = NO;
				DEBUG_INFORMATION_FORMAT = dwarf;
				ENABLE_STRICT_OBJC_MSGSEND = YES;
				ENABLE_TESTABILITY = YES;
				ENABLE_USER_SCRIPT_SANDBOXING = YES;
				GCC_C_LANGUAGE_STANDARD = gnu17;
				GCC_DYNAMIC_NO_PIC = NO;
				GCC_NO_COMMON_BLOCKS = YES;
				GCC_OPTIMIZATION_LEVEL = 0;
				GCC_PREPROCESSOR_DEFINITIONS = (
					"DEBUG=1",
					"$(inherited)",
				);
				GCC_WARN_64_TO_32_BIT_CONVERSION = YES;
				GCC_WARN_ABOUT_RETURN_TYPE = YES_ERROR;
				GCC_WARN_UNDECLARED_SELECTOR = YES;
				GCC_WARN_UNINITIALIZED_AUTOS = YES_AGGRESSIVE;
				GCC_WARN_UNUSED_FUNCTION = YES;
				GCC_WARN_UNUSED_VARIABLE = YES;
				IPHONEOS_DEPLOYMENT_TARGET = 18.2;
				LOCALIZATION_PREFERS_STRING_CATALOGS = YES;
				MTL_ENABLE_DEBUG_INFO = INCLUDE_SOURCE;
				MTL_FAST_MATH = YES;
				ONLY_ACTIVE_ARCH = YES;
				SDKROOT = iphoneos;
				SWIFT_ACTIVE_COMPILATION_CONDITIONS = "DEBUG $(inherited)";
				SWIFT_OPTIMIZATION_LEVEL = "-Onone";
			};
			name = Debug;
		};
		AF92A9B82DC475BF00BCB1F7 /* Release */ = {
			isa = XCBuildConfiguration;
			buildSettings = {
				ALWAYS_SEARCH_USER_PATHS = NO;
				ASSETCATALOG_COMPILER_GENERATE_SWIFT_ASSET_SYMBOL_EXTENSIONS = YES;
				CLANG_ANALYZER_NONNULL = YES;
				CLANG_ANALYZER_NUMBER_OBJECT_CONVERSION = YES_AGGRESSIVE;
				CLANG_CXX_LANGUAGE_STANDARD = "gnu++20";
				CLANG_ENABLE_MODULES = YES;
				CLANG_ENABLE_OBJC_ARC = YES;
				CLANG_ENABLE_OBJC_WEAK = YES;
				CLANG_WARN_BLOCK_CAPTURE_AUTORELEASING = YES;
				CLANG_WARN_BOOL_CONVERSION = YES;
				CLANG_WARN_COMMA = YES;
				CLANG_WARN_CONSTANT_CONVERSION = YES;
				CLANG_WARN_DEPRECATED_OBJC_IMPLEMENTATIONS = YES;
				CLANG_WARN_DIRECT_OBJC_ISA_USAGE = YES_ERROR;
				CLANG_WARN_DOCUMENTATION_COMMENTS = YES;
				CLANG_WARN_EMPTY_BODY = YES;
				CLANG_WARN_ENUM_CONVERSION = YES;
				CLANG_WARN_INFINITE_RECURSION = YES;
				CLANG_WARN_INT_CONVERSION = YES;
				CLANG_WARN_NON_LITERAL_NULL_CONVERSION = YES;
				CLANG_WARN_OBJC_IMPLICIT_RETAIN_SELF = YES;
				CLANG_WARN_OBJC_LITERAL_CONVERSION = YES;
				CLANG_WARN_OBJC_ROOT_CLASS = YES_ERROR;
				CLANG_WARN_QUOTED_INCLUDE_IN_FRAMEWORK_HEADER = YES;
				CLANG_WARN_RANGE_LOOP_ANALYSIS = YES;
				CLANG_WARN_STRICT_PROTOTYPES = YES;
				CLANG_WARN_SUSPICIOUS_MOVE = YES;
				CLANG_WARN_UNGUARDED_AVAILABILITY = YES_AGGRESSIVE;
				CLANG_WARN_UNREACHABLE_CODE = YES;
				CLANG_WARN__DUPLICATE_METHOD_MATCH = YES;
				COPY_PHASE_STRIP = NO;
				DEBUG_INFORMATION_FORMAT = "dwarf-with-dsym";
				ENABLE_NS_ASSERTIONS = NO;
				ENABLE_STRICT_OBJC_MSGSEND = YES;
				ENABLE_USER_SCRIPT_SANDBOXING = YES;
				GCC_C_LANGUAGE_STANDARD = gnu17;
				GCC_NO_COMMON_BLOCKS = YES;
				GCC_WARN_64_TO_32_BIT_CONVERSION = YES;
				GCC_WARN_ABOUT_RETURN_TYPE = YES_ERROR;
				GCC_WARN_UNDECLARED_SELECTOR = YES;
				GCC_WARN_UNINITIALIZED_AUTOS = YES_AGGRESSIVE;
				GCC_WARN_UNUSED_FUNCTION = YES;
				GCC_WARN_UNUSED_VARIABLE = YES;
				IPHONEOS_DEPLOYMENT_TARGET = 18.2;
				LOCALIZATION_PREFERS_STRING_CATALOGS = YES;
				MTL_ENABLE_DEBUG_INFO = NO;
				MTL_FAST_MATH = YES;
				SDKROOT = iphoneos;
				SWIFT_COMPILATION_MODE = wholemodule;
				VALIDATE_PRODUCT = YES;
			};
			name = Release;
		};
		AF92A9BA2DC475BF00BCB1F7 /* Debug */ = {
			isa = XCBuildConfiguration;
			baseConfigurationReference = 87F800549558F0C08C1B59A9 /* Pods-CocoaPodsTest.debug.xcconfig */;
			buildSettings = {
				ASSETCATALOG_COMPILER_APPICON_NAME = AppIcon;
				ASSETCATALOG_COMPILER_GLOBAL_ACCENT_COLOR_NAME = AccentColor;
				CODE_SIGN_STYLE = Automatic;
				CURRENT_PROJECT_VERSION = 1;
				DEVELOPMENT_ASSET_PATHS = "\"CocoaPodsTest/Preview Content\"";
				DEVELOPMENT_TEAM = 4J4927ZTSZ;
				ENABLE_PREVIEWS = YES;
				ENABLE_USER_SCRIPT_SANDBOXING = NO;
				GENERATE_INFOPLIST_FILE = YES;
				INFOPLIST_KEY_UIApplicationSceneManifest_Generation = YES;
				INFOPLIST_KEY_UIApplicationSupportsIndirectInputEvents = YES;
				INFOPLIST_KEY_UILaunchScreen_Generation = YES;
				INFOPLIST_KEY_UISupportedInterfaceOrientations_iPad = "UIInterfaceOrientationPortrait UIInterfaceOrientationPortraitUpsideDown UIInterfaceOrientationLandscapeLeft UIInterfaceOrientationLandscapeRight";
				INFOPLIST_KEY_UISupportedInterfaceOrientations_iPhone = "UIInterfaceOrientationPortrait UIInterfaceOrientationLandscapeLeft UIInterfaceOrientationLandscapeRight";
				LD_RUNPATH_SEARCH_PATHS = (
					"$(inherited)",
					"@executable_path/Frameworks",
				);
				MARKETING_VERSION = 1.0;
				PRODUCT_BUNDLE_IDENTIFIER = io.honeycomb.CocoaPodsTest;
				PRODUCT_NAME = "$(TARGET_NAME)";
				SWIFT_EMIT_LOC_STRINGS = YES;
				SWIFT_VERSION = 5.0;
				TARGETED_DEVICE_FAMILY = "1,2";
			};
			name = Debug;
		};
		AF92A9BB2DC475BF00BCB1F7 /* Release */ = {
			isa = XCBuildConfiguration;
			baseConfigurationReference = 03E44E898D1CD640911520E2 /* Pods-CocoaPodsTest.release.xcconfig */;
			buildSettings = {
				ASSETCATALOG_COMPILER_APPICON_NAME = AppIcon;
				ASSETCATALOG_COMPILER_GLOBAL_ACCENT_COLOR_NAME = AccentColor;
				CODE_SIGN_STYLE = Automatic;
				CURRENT_PROJECT_VERSION = 1;
				DEVELOPMENT_ASSET_PATHS = "\"CocoaPodsTest/Preview Content\"";
				DEVELOPMENT_TEAM = 4J4927ZTSZ;
				ENABLE_PREVIEWS = YES;
				ENABLE_USER_SCRIPT_SANDBOXING = NO;
				GENERATE_INFOPLIST_FILE = YES;
				INFOPLIST_KEY_UIApplicationSceneManifest_Generation = YES;
				INFOPLIST_KEY_UIApplicationSupportsIndirectInputEvents = YES;
				INFOPLIST_KEY_UILaunchScreen_Generation = YES;
				INFOPLIST_KEY_UISupportedInterfaceOrientations_iPad = "UIInterfaceOrientationPortrait UIInterfaceOrientationPortraitUpsideDown UIInterfaceOrientationLandscapeLeft UIInterfaceOrientationLandscapeRight";
				INFOPLIST_KEY_UISupportedInterfaceOrientations_iPhone = "UIInterfaceOrientationPortrait UIInterfaceOrientationLandscapeLeft UIInterfaceOrientationLandscapeRight";
				LD_RUNPATH_SEARCH_PATHS = (
					"$(inherited)",
					"@executable_path/Frameworks",
				);
				MARKETING_VERSION = 1.0;
				PRODUCT_BUNDLE_IDENTIFIER = io.honeycomb.CocoaPodsTest;
				PRODUCT_NAME = "$(TARGET_NAME)";
				SWIFT_EMIT_LOC_STRINGS = YES;
				SWIFT_VERSION = 5.0;
				TARGETED_DEVICE_FAMILY = "1,2";
			};
			name = Release;
		};
		AF92A9BD2DC475BF00BCB1F7 /* Debug */ = {
			isa = XCBuildConfiguration;
			baseConfigurationReference = 2CE72378C9BC7FBFAF81278B /* Pods-CocoaPodsTestTests.debug.xcconfig */;
			buildSettings = {
				BUNDLE_LOADER = "$(TEST_HOST)";
				CODE_SIGN_STYLE = Automatic;
				CURRENT_PROJECT_VERSION = 1;
				DEVELOPMENT_TEAM = 4J4927ZTSZ;
				ENABLE_USER_SCRIPT_SANDBOXING = NO;
				GENERATE_INFOPLIST_FILE = YES;
				IPHONEOS_DEPLOYMENT_TARGET = 18.2;
				MARKETING_VERSION = 1.0;
				PRODUCT_BUNDLE_IDENTIFIER = io.honeycomb.CocoaPodsTestTests;
				PRODUCT_NAME = "$(TARGET_NAME)";
				SWIFT_EMIT_LOC_STRINGS = NO;
				SWIFT_VERSION = 5.0;
				TARGETED_DEVICE_FAMILY = "1,2";
				TEST_HOST = "$(BUILT_PRODUCTS_DIR)/CocoaPodsTest.app/$(BUNDLE_EXECUTABLE_FOLDER_PATH)/CocoaPodsTest";
			};
			name = Debug;
		};
		AF92A9BE2DC475BF00BCB1F7 /* Release */ = {
			isa = XCBuildConfiguration;
			baseConfigurationReference = FE48C17F2C39AA438F34BEE9 /* Pods-CocoaPodsTestTests.release.xcconfig */;
			buildSettings = {
				BUNDLE_LOADER = "$(TEST_HOST)";
				CODE_SIGN_STYLE = Automatic;
				CURRENT_PROJECT_VERSION = 1;
				DEVELOPMENT_TEAM = 4J4927ZTSZ;
				ENABLE_USER_SCRIPT_SANDBOXING = NO;
				GENERATE_INFOPLIST_FILE = YES;
				IPHONEOS_DEPLOYMENT_TARGET = 18.2;
				MARKETING_VERSION = 1.0;
				PRODUCT_BUNDLE_IDENTIFIER = io.honeycomb.CocoaPodsTestTests;
				PRODUCT_NAME = "$(TARGET_NAME)";
				SWIFT_EMIT_LOC_STRINGS = NO;
				SWIFT_VERSION = 5.0;
				TARGETED_DEVICE_FAMILY = "1,2";
				TEST_HOST = "$(BUILT_PRODUCTS_DIR)/CocoaPodsTest.app/$(BUNDLE_EXECUTABLE_FOLDER_PATH)/CocoaPodsTest";
			};
			name = Release;
		};
		AF92A9C02DC475BF00BCB1F7 /* Debug */ = {
			isa = XCBuildConfiguration;
			baseConfigurationReference = D44A7EB4018548298CA9954D /* Pods-CocoaPodsTest-CocoaPodsTestUITests.debug.xcconfig */;
			buildSettings = {
				CODE_SIGN_STYLE = Automatic;
				CURRENT_PROJECT_VERSION = 1;
				DEVELOPMENT_TEAM = 4J4927ZTSZ;
				ENABLE_USER_SCRIPT_SANDBOXING = NO;
				GENERATE_INFOPLIST_FILE = YES;
				MARKETING_VERSION = 1.0;
				PRODUCT_BUNDLE_IDENTIFIER = io.honeycomb.CocoaPodsTestUITests;
				PRODUCT_NAME = "$(TARGET_NAME)";
				SWIFT_EMIT_LOC_STRINGS = NO;
				SWIFT_VERSION = 5.0;
				TARGETED_DEVICE_FAMILY = "1,2";
				TEST_TARGET_NAME = CocoaPodsTest;
			};
			name = Debug;
		};
		AF92A9C12DC475BF00BCB1F7 /* Release */ = {
			isa = XCBuildConfiguration;
			baseConfigurationReference = D731FC4EAF95C603B6613DF0 /* Pods-CocoaPodsTest-CocoaPodsTestUITests.release.xcconfig */;
			buildSettings = {
				CODE_SIGN_STYLE = Automatic;
				CURRENT_PROJECT_VERSION = 1;
				DEVELOPMENT_TEAM = 4J4927ZTSZ;
				ENABLE_USER_SCRIPT_SANDBOXING = NO;
				GENERATE_INFOPLIST_FILE = YES;
				MARKETING_VERSION = 1.0;
				PRODUCT_BUNDLE_IDENTIFIER = io.honeycomb.CocoaPodsTestUITests;
				PRODUCT_NAME = "$(TARGET_NAME)";
				SWIFT_EMIT_LOC_STRINGS = NO;
				SWIFT_VERSION = 5.0;
				TARGETED_DEVICE_FAMILY = "1,2";
				TEST_TARGET_NAME = CocoaPodsTest;
			};
			name = Release;
		};
/* End XCBuildConfiguration section */

/* Begin XCConfigurationList section */
		AF92A9902DC475BE00BCB1F7 /* Build configuration list for PBXProject "CocoaPodsTest" */ = {
			isa = XCConfigurationList;
			buildConfigurations = (
				AF92A9B72DC475BF00BCB1F7 /* Debug */,
				AF92A9B82DC475BF00BCB1F7 /* Release */,
			);
			defaultConfigurationIsVisible = 0;
			defaultConfigurationName = Release;
		};
		AF92A9B92DC475BF00BCB1F7 /* Build configuration list for PBXNativeTarget "CocoaPodsTest" */ = {
			isa = XCConfigurationList;
			buildConfigurations = (
				AF92A9BA2DC475BF00BCB1F7 /* Debug */,
				AF92A9BB2DC475BF00BCB1F7 /* Release */,
			);
			defaultConfigurationIsVisible = 0;
			defaultConfigurationName = Release;
		};
		AF92A9BC2DC475BF00BCB1F7 /* Build configuration list for PBXNativeTarget "CocoaPodsTestTests" */ = {
			isa = XCConfigurationList;
			buildConfigurations = (
				AF92A9BD2DC475BF00BCB1F7 /* Debug */,
				AF92A9BE2DC475BF00BCB1F7 /* Release */,
			);
			defaultConfigurationIsVisible = 0;
			defaultConfigurationName = Release;
		};
		AF92A9BF2DC475BF00BCB1F7 /* Build configuration list for PBXNativeTarget "CocoaPodsTestUITests" */ = {
			isa = XCConfigurationList;
			buildConfigurations = (
				AF92A9C02DC475BF00BCB1F7 /* Debug */,
				AF92A9C12DC475BF00BCB1F7 /* Release */,
			);
			defaultConfigurationIsVisible = 0;
			defaultConfigurationName = Release;
		};
/* End XCConfigurationList section */
	};
	rootObject = AF92A98D2DC475BE00BCB1F7 /* Project object */;
}
